
Microsoft Visual Studio Solution File, Format Version 12.00
# Visual Studio Version 17
VisualStudioVersion = 17.4.33213.308
MinimumVisualStudioVersion = 10.0.40219.1
Project("{FAE04EC0-301F-11D3-BF4B-00C04F79EFBC}") = "hw_02.02.2023", "hw_02.02.2023\hw_02.02.2023.csproj", "{DA6474BB-150F-4B5A-9012-3F6AE1BB3F36}"
EndProject
Global
	GlobalSection(SolutionConfigurationPlatforms) = preSolution
		Debug|Any CPU = Debug|Any CPU
		Release|Any CPU = Release|Any CPU
	EndGlobalSection
	GlobalSection(ProjectConfigurationPlatforms) = postSolution
		{DA6474BB-150F-4B5A-9012-3F6AE1BB3F36}.Debug|Any CPU.ActiveCfg = Debug|Any CPU
		{DA6474BB-150F-4B5A-9012-3F6AE1BB3F36}.Debug|Any CPU.Build.0 = Debug|Any CPU
		{DA6474BB-150F-4B5A-9012-3F6AE1BB3F36}.Release|Any CPU.ActiveCfg = Release|Any CPU
		{DA6474BB-150F-4B5A-9012-3F6AE1BB3F36}.Release|Any CPU.Build.0 = Release|Any CPU
	EndGlobalSection
	GlobalSection(SolutionProperties) = preSolution
		HideSolutionNode = FALSE
	EndGlobalSection
	GlobalSection(ExtensibilityGlobals) = postSolution
		SolutionGuid = {5DA0DD51-BD8B-4FD8-AE4A-0550067EDD50}
	EndGlobalSection
EndGlobal
