
Microsoft Visual Studio Solution File, Format Version 12.00
# Visual Studio Version 17
VisualStudioVersion = 17.4.33213.308
MinimumVisualStudioVersion = 10.0.40219.1
Project("{FAE04EC0-301F-11D3-BF4B-00C04F79EFBC}") = "hm_13.02.2023", "hm_13.02.2023\hm_13.02.2023.csproj", "{49D838AC-A3D3-42AC-9E16-F77C77DAD25A}"
EndProject
Global
	GlobalSection(SolutionConfigurationPlatforms) = preSolution
		Debug|Any CPU = Debug|Any CPU
		Release|Any CPU = Release|Any CPU
	EndGlobalSection
	GlobalSection(ProjectConfigurationPlatforms) = postSolution
		{49D838AC-A3D3-42AC-9E16-F77C77DAD25A}.Debug|Any CPU.ActiveCfg = Debug|Any CPU
		{49D838AC-A3D3-42AC-9E16-F77C77DAD25A}.Debug|Any CPU.Build.0 = Debug|Any CPU
		{49D838AC-A3D3-42AC-9E16-F77C77DAD25A}.Release|Any CPU.ActiveCfg = Release|Any CPU
		{49D838AC-A3D3-42AC-9E16-F77C77DAD25A}.Release|Any CPU.Build.0 = Release|Any CPU
	EndGlobalSection
	GlobalSection(SolutionProperties) = preSolution
		HideSolutionNode = FALSE
	EndGlobalSection
	GlobalSection(ExtensibilityGlobals) = postSolution
		SolutionGuid = {90735D3F-53ED-4825-822A-B43F8D815FDA}
	EndGlobalSection
EndGlobal
