
Microsoft Visual Studio Solution File, Format Version 12.00
# Visual Studio Version 17
VisualStudioVersion = 17.4.33213.308
MinimumVisualStudioVersion = 10.0.40219.1
Project("{FAE04EC0-301F-11D3-BF4B-00C04F79EFBC}") = "hw_16.02.2023", "hw_16.02.2023\hw_16.02.2023.csproj", "{467D2FBF-AF59-43E5-9C2D-AB91BFAC2EC2}"
EndProject
Global
	GlobalSection(SolutionConfigurationPlatforms) = preSolution
		Debug|Any CPU = Debug|Any CPU
		Release|Any CPU = Release|Any CPU
	EndGlobalSection
	GlobalSection(ProjectConfigurationPlatforms) = postSolution
		{467D2FBF-AF59-43E5-9C2D-AB91BFAC2EC2}.Debug|Any CPU.ActiveCfg = Debug|Any CPU
		{467D2FBF-AF59-43E5-9C2D-AB91BFAC2EC2}.Debug|Any CPU.Build.0 = Debug|Any CPU
		{467D2FBF-AF59-43E5-9C2D-AB91BFAC2EC2}.Release|Any CPU.ActiveCfg = Release|Any CPU
		{467D2FBF-AF59-43E5-9C2D-AB91BFAC2EC2}.Release|Any CPU.Build.0 = Release|Any CPU
	EndGlobalSection
	GlobalSection(SolutionProperties) = preSolution
		HideSolutionNode = FALSE
	EndGlobalSection
	GlobalSection(ExtensibilityGlobals) = postSolution
		SolutionGuid = {654DAEF1-03D0-454C-99B2-990020AEAEDD}
	EndGlobalSection
EndGlobal
