
Microsoft Visual Studio Solution File, Format Version 12.00
# Visual Studio Version 17
VisualStudioVersion = 17.4.33213.308
MinimumVisualStudioVersion = 10.0.40219.1
Project("{FAE04EC0-301F-11D3-BF4B-00C04F79EFBC}") = "hw_06.02.2023", "hw_06.02.2023\hw_06.02.2023.csproj", "{B7E6B4F4-A459-434B-93BB-BA04BE5FF7D3}"
EndProject
Global
	GlobalSection(SolutionConfigurationPlatforms) = preSolution
		Debug|Any CPU = Debug|Any CPU
		Release|Any CPU = Release|Any CPU
	EndGlobalSection
	GlobalSection(ProjectConfigurationPlatforms) = postSolution
		{B7E6B4F4-A459-434B-93BB-BA04BE5FF7D3}.Debug|Any CPU.ActiveCfg = Debug|Any CPU
		{B7E6B4F4-A459-434B-93BB-BA04BE5FF7D3}.Debug|Any CPU.Build.0 = Debug|Any CPU
		{B7E6B4F4-A459-434B-93BB-BA04BE5FF7D3}.Release|Any CPU.ActiveCfg = Release|Any CPU
		{B7E6B4F4-A459-434B-93BB-BA04BE5FF7D3}.Release|Any CPU.Build.0 = Release|Any CPU
	EndGlobalSection
	GlobalSection(SolutionProperties) = preSolution
		HideSolutionNode = FALSE
	EndGlobalSection
	GlobalSection(ExtensibilityGlobals) = postSolution
		SolutionGuid = {BCF9CA6C-D33B-45A5-A166-922A4A167BEA}
	EndGlobalSection
EndGlobal
