
Microsoft Visual Studio Solution File, Format Version 12.00
# Visual Studio Version 17
VisualStudioVersion = 17.4.33213.308
MinimumVisualStudioVersion = 10.0.40219.1
Project("{FAE04EC0-301F-11D3-BF4B-00C04F79EFBC}") = "hw_01.03.2023", "hw_01.03.2023\hw_01.03.2023.csproj", "{032490F0-05B8-42D2-B1EB-C98E5E77E9F3}"
EndProject
Global
	GlobalSection(SolutionConfigurationPlatforms) = preSolution
		Debug|Any CPU = Debug|Any CPU
		Release|Any CPU = Release|Any CPU
	EndGlobalSection
	GlobalSection(ProjectConfigurationPlatforms) = postSolution
		{032490F0-05B8-42D2-B1EB-C98E5E77E9F3}.Debug|Any CPU.ActiveCfg = Debug|Any CPU
		{032490F0-05B8-42D2-B1EB-C98E5E77E9F3}.Debug|Any CPU.Build.0 = Debug|Any CPU
		{032490F0-05B8-42D2-B1EB-C98E5E77E9F3}.Release|Any CPU.ActiveCfg = Release|Any CPU
		{032490F0-05B8-42D2-B1EB-C98E5E77E9F3}.Release|Any CPU.Build.0 = Release|Any CPU
	EndGlobalSection
	GlobalSection(SolutionProperties) = preSolution
		HideSolutionNode = FALSE
	EndGlobalSection
	GlobalSection(ExtensibilityGlobals) = postSolution
		SolutionGuid = {9EA1CBE9-7F65-44D5-8F93-CF56A04BA72C}
	EndGlobalSection
EndGlobal
