
Microsoft Visual Studio Solution File, Format Version 12.00
# Visual Studio Version 17
VisualStudioVersion = 17.4.33213.308
MinimumVisualStudioVersion = 10.0.40219.1
Project("{FAE04EC0-301F-11D3-BF4B-00C04F79EFBC}") = "cw_16.02.2023", "cw_16.02.2023\cw_16.02.2023.csproj", "{1265505D-66A7-4061-BFD6-85180C7F98D9}"
EndProject
Global
	GlobalSection(SolutionConfigurationPlatforms) = preSolution
		Debug|Any CPU = Debug|Any CPU
		Release|Any CPU = Release|Any CPU
	EndGlobalSection
	GlobalSection(ProjectConfigurationPlatforms) = postSolution
		{1265505D-66A7-4061-BFD6-85180C7F98D9}.Debug|Any CPU.ActiveCfg = Debug|Any CPU
		{1265505D-66A7-4061-BFD6-85180C7F98D9}.Debug|Any CPU.Build.0 = Debug|Any CPU
		{1265505D-66A7-4061-BFD6-85180C7F98D9}.Release|Any CPU.ActiveCfg = Release|Any CPU
		{1265505D-66A7-4061-BFD6-85180C7F98D9}.Release|Any CPU.Build.0 = Release|Any CPU
	EndGlobalSection
	GlobalSection(SolutionProperties) = preSolution
		HideSolutionNode = FALSE
	EndGlobalSection
	GlobalSection(ExtensibilityGlobals) = postSolution
		SolutionGuid = {531CB62D-BA4A-4F5A-AACD-FA93D8307F35}
	EndGlobalSection
EndGlobal
