
Microsoft Visual Studio Solution File, Format Version 12.00
# Visual Studio Version 17
VisualStudioVersion = 17.4.33213.308
MinimumVisualStudioVersion = 10.0.40219.1
Project("{FAE04EC0-301F-11D3-BF4B-00C04F79EFBC}") = "hw_08.03.2023", "hw_08.03.2023\hw_08.03.2023.csproj", "{AA500CD3-B063-4D89-A19B-A2D4EFCB5742}"
EndProject
Global
	GlobalSection(SolutionConfigurationPlatforms) = preSolution
		Debug|Any CPU = Debug|Any CPU
		Release|Any CPU = Release|Any CPU
	EndGlobalSection
	GlobalSection(ProjectConfigurationPlatforms) = postSolution
		{AA500CD3-B063-4D89-A19B-A2D4EFCB5742}.Debug|Any CPU.ActiveCfg = Debug|Any CPU
		{AA500CD3-B063-4D89-A19B-A2D4EFCB5742}.Debug|Any CPU.Build.0 = Debug|Any CPU
		{AA500CD3-B063-4D89-A19B-A2D4EFCB5742}.Release|Any CPU.ActiveCfg = Release|Any CPU
		{AA500CD3-B063-4D89-A19B-A2D4EFCB5742}.Release|Any CPU.Build.0 = Release|Any CPU
	EndGlobalSection
	GlobalSection(SolutionProperties) = preSolution
		HideSolutionNode = FALSE
	EndGlobalSection
	GlobalSection(ExtensibilityGlobals) = postSolution
		SolutionGuid = {AAD6281A-7772-419C-A7C2-D9EA79B3E7D1}
	EndGlobalSection
EndGlobal
