
Microsoft Visual Studio Solution File, Format Version 12.00
# Visual Studio Version 17
VisualStudioVersion = 17.4.33213.308
MinimumVisualStudioVersion = 10.0.40219.1
Project("{FAE04EC0-301F-11D3-BF4B-00C04F79EFBC}") = "hw_17.02.2023", "hw_17.02.2023\hw_17.02.2023.csproj", "{03743A6F-C673-4882-AF29-F8568E1D6FEB}"
EndProject
Global
	GlobalSection(SolutionConfigurationPlatforms) = preSolution
		Debug|Any CPU = Debug|Any CPU
		Release|Any CPU = Release|Any CPU
	EndGlobalSection
	GlobalSection(ProjectConfigurationPlatforms) = postSolution
		{03743A6F-C673-4882-AF29-F8568E1D6FEB}.Debug|Any CPU.ActiveCfg = Debug|Any CPU
		{03743A6F-C673-4882-AF29-F8568E1D6FEB}.Debug|Any CPU.Build.0 = Debug|Any CPU
		{03743A6F-C673-4882-AF29-F8568E1D6FEB}.Release|Any CPU.ActiveCfg = Release|Any CPU
		{03743A6F-C673-4882-AF29-F8568E1D6FEB}.Release|Any CPU.Build.0 = Release|Any CPU
	EndGlobalSection
	GlobalSection(SolutionProperties) = preSolution
		HideSolutionNode = FALSE
	EndGlobalSection
	GlobalSection(ExtensibilityGlobals) = postSolution
		SolutionGuid = {1E25FA8E-B5B9-4CA5-96A1-6A2ADB68D8BE}
	EndGlobalSection
EndGlobal
