
Microsoft Visual Studio Solution File, Format Version 12.00
# Visual Studio Version 17
VisualStudioVersion = 17.4.33213.308
MinimumVisualStudioVersion = 10.0.40219.1
Project("{FAE04EC0-301F-11D3-BF4B-00C04F79EFBC}") = "hw_27.02.2023", "hw_27.02.2023\hw_27.02.2023.csproj", "{00845237-FE05-4853-BB3F-B92DA9CBDF34}"
EndProject
Global
	GlobalSection(SolutionConfigurationPlatforms) = preSolution
		Debug|Any CPU = Debug|Any CPU
		Release|Any CPU = Release|Any CPU
	EndGlobalSection
	GlobalSection(ProjectConfigurationPlatforms) = postSolution
		{00845237-FE05-4853-BB3F-B92DA9CBDF34}.Debug|Any CPU.ActiveCfg = Debug|Any CPU
		{00845237-FE05-4853-BB3F-B92DA9CBDF34}.Debug|Any CPU.Build.0 = Debug|Any CPU
		{00845237-FE05-4853-BB3F-B92DA9CBDF34}.Release|Any CPU.ActiveCfg = Release|Any CPU
		{00845237-FE05-4853-BB3F-B92DA9CBDF34}.Release|Any CPU.Build.0 = Release|Any CPU
	EndGlobalSection
	GlobalSection(SolutionProperties) = preSolution
		HideSolutionNode = FALSE
	EndGlobalSection
	GlobalSection(ExtensibilityGlobals) = postSolution
		SolutionGuid = {C1D047C7-7326-4D2A-A32B-8248BEE04AFF}
	EndGlobalSection
EndGlobal
