
Microsoft Visual Studio Solution File, Format Version 12.00
# Visual Studio Version 17
VisualStudioVersion = 17.4.33213.308
MinimumVisualStudioVersion = 10.0.40219.1
Project("{FAE04EC0-301F-11D3-BF4B-00C04F79EFBC}") = "cw_14.02.2023", "cw_14.02.2023\cw_14.02.2023.csproj", "{9C57EBC7-689B-4FB7-BE17-0AF330CBF674}"
EndProject
Global
	GlobalSection(SolutionConfigurationPlatforms) = preSolution
		Debug|Any CPU = Debug|Any CPU
		Release|Any CPU = Release|Any CPU
	EndGlobalSection
	GlobalSection(ProjectConfigurationPlatforms) = postSolution
		{9C57EBC7-689B-4FB7-BE17-0AF330CBF674}.Debug|Any CPU.ActiveCfg = Debug|Any CPU
		{9C57EBC7-689B-4FB7-BE17-0AF330CBF674}.Debug|Any CPU.Build.0 = Debug|Any CPU
		{9C57EBC7-689B-4FB7-BE17-0AF330CBF674}.Release|Any CPU.ActiveCfg = Release|Any CPU
		{9C57EBC7-689B-4FB7-BE17-0AF330CBF674}.Release|Any CPU.Build.0 = Release|Any CPU
	EndGlobalSection
	GlobalSection(SolutionProperties) = preSolution
		HideSolutionNode = FALSE
	EndGlobalSection
	GlobalSection(ExtensibilityGlobals) = postSolution
		SolutionGuid = {D4271B67-8FD3-4B57-80D9-0A7D55482391}
	EndGlobalSection
EndGlobal
