
Microsoft Visual Studio Solution File, Format Version 12.00
# Visual Studio Version 17
VisualStudioVersion = 17.4.33213.308
MinimumVisualStudioVersion = 10.0.40219.1
Project("{FAE04EC0-301F-11D3-BF4B-00C04F79EFBC}") = "hw_01.02.2023", "hw_01.02.2023\hw_01.02.2023.csproj", "{AEFB2EFB-870F-4DCC-86A8-4D9E4D3140FA}"
EndProject
Global
	GlobalSection(SolutionConfigurationPlatforms) = preSolution
		Debug|Any CPU = Debug|Any CPU
		Release|Any CPU = Release|Any CPU
	EndGlobalSection
	GlobalSection(ProjectConfigurationPlatforms) = postSolution
		{AEFB2EFB-870F-4DCC-86A8-4D9E4D3140FA}.Debug|Any CPU.ActiveCfg = Debug|Any CPU
		{AEFB2EFB-870F-4DCC-86A8-4D9E4D3140FA}.Debug|Any CPU.Build.0 = Debug|Any CPU
		{AEFB2EFB-870F-4DCC-86A8-4D9E4D3140FA}.Release|Any CPU.ActiveCfg = Release|Any CPU
		{AEFB2EFB-870F-4DCC-86A8-4D9E4D3140FA}.Release|Any CPU.Build.0 = Release|Any CPU
	EndGlobalSection
	GlobalSection(SolutionProperties) = preSolution
		HideSolutionNode = FALSE
	EndGlobalSection
	GlobalSection(ExtensibilityGlobals) = postSolution
		SolutionGuid = {C7E47FB1-E3A7-4773-AC2A-479945817346}
	EndGlobalSection
EndGlobal
